
Microsoft Visual Studio Solution File, Format Version 12.00
# Visual Studio Version 16
VisualStudioVersion = 16.0.28729.10
MinimumVisualStudioVersion = 10.0.40219.1
Project("{FAE04EC0-301F-11D3-BF4B-00C04F79EFBC}") = "پارسی نویس", "پارسی نویس\پارسی نویس.csproj", "{47272C1A-33AC-4F99-B8B0-643E0CFF99DA}"
EndProject
Global
	GlobalSection(SolutionConfigurationPlatforms) = preSolution
		Debug|Any CPU = Debug|Any CPU
		Release|Any CPU = Release|Any CPU
	EndGlobalSection
	GlobalSection(ProjectConfigurationPlatforms) = postSolution
		{47272C1A-33AC-4F99-B8B0-643E0CFF99DA}.Debug|Any CPU.ActiveCfg = Debug|Any CPU
		{47272C1A-33AC-4F99-B8B0-643E0CFF99DA}.Debug|Any CPU.Build.0 = Debug|Any CPU
		{47272C1A-33AC-4F99-B8B0-643E0CFF99DA}.Release|Any CPU.ActiveCfg = Release|Any CPU
		{47272C1A-33AC-4F99-B8B0-643E0CFF99DA}.Release|Any CPU.Build.0 = Release|Any CPU
	EndGlobalSection
	GlobalSection(SolutionProperties) = preSolution
		HideSolutionNode = FALSE
	EndGlobalSection
	GlobalSection(ExtensibilityGlobals) = postSolution
		SolutionGuid = {CB033980-DF01-46BC-A95A-E255A7AC0AE3}
	EndGlobalSection
EndGlobal
